
Microsoft Visual Studio Solution File, Format Version 12.00
# Visual Studio Version 17
VisualStudioVersion = 17.6.33829.357
MinimumVisualStudioVersion = 10.0.40219.1
Project("{FAE04EC0-301F-11D3-BF4B-00C04F79EFBC}") = "Conversion_Ejer3", "Conversion_Ejer3\Conversion_Ejer3.csproj", "{A8041E13-4B62-4011-B12F-F1437F622286}"
EndProject
Global
	GlobalSection(SolutionConfigurationPlatforms) = preSolution
		Debug|Any CPU = Debug|Any CPU
		Release|Any CPU = Release|Any CPU
	EndGlobalSection
	GlobalSection(ProjectConfigurationPlatforms) = postSolution
		{A8041E13-4B62-4011-B12F-F1437F622286}.Debug|Any CPU.ActiveCfg = Debug|Any CPU
		{A8041E13-4B62-4011-B12F-F1437F622286}.Debug|Any CPU.Build.0 = Debug|Any CPU
		{A8041E13-4B62-4011-B12F-F1437F622286}.Release|Any CPU.ActiveCfg = Release|Any CPU
		{A8041E13-4B62-4011-B12F-F1437F622286}.Release|Any CPU.Build.0 = Release|Any CPU
	EndGlobalSection
	GlobalSection(SolutionProperties) = preSolution
		HideSolutionNode = FALSE
	EndGlobalSection
	GlobalSection(ExtensibilityGlobals) = postSolution
		SolutionGuid = {ED440C35-3682-49BB-AD0C-CABD7A942250}
	EndGlobalSection
EndGlobal
